
Microsoft Visual Studio Solution File, Format Version 12.00
# Visual Studio Version 17
VisualStudioVersion = 17.0.31903.59
MinimumVisualStudioVersion = 10.0.40219.1
Project("{2150E333-8FDC-42A3-9474-1A3956D46DE8}") = "src", "src", "{BEBDA0D6-7CBF-441E-91D2-736C9FFE2488}"
EndProject
Project("{FAE04EC0-301F-11D3-BF4B-00C04F79EFBC}") = "IndoShipping.Api", "src\IndoShipping.Api\IndoShipping.Api.csproj", "{06D57B42-4F41-4AB6-901E-41B65FE093F3}"
EndProject
Project("{FAE04EC0-301F-11D3-BF4B-00C04F79EFBC}") = "IndoShipping.Domain", "src\IndoShipping.Domain\IndoShipping.Domain.csproj", "{C5C4985D-DD20-4859-9A1C-280348DF073F}"
EndProject
Project("{FAE04EC0-301F-11D3-BF4B-00C04F79EFBC}") = "IndoShipping.Infrastructure", "src\IndoShipping.Infrastructure\IndoShipping.Infrastructure.csproj", "{C1D41990-0151-4943-BE70-D4A47161371B}"
EndProject
Project("{FAE04EC0-301F-11D3-BF4B-00C04F79EFBC}") = "IndoShipping.Migrator", "src\IndoShipping.Migrator\IndoShipping.Migrator.csproj", "{7DE1FE11-B9FB-4929-AFD0-D6BCE0691379}"
EndProject
Global
	GlobalSection(SolutionConfigurationPlatforms) = preSolution
		Debug|Any CPU = Debug|Any CPU
		Release|Any CPU = Release|Any CPU
	EndGlobalSection
	GlobalSection(SolutionProperties) = preSolution
		HideSolutionNode = FALSE
	EndGlobalSection
	GlobalSection(ProjectConfigurationPlatforms) = postSolution
		{06D57B42-4F41-4AB6-901E-41B65FE093F3}.Debug|Any CPU.ActiveCfg = Debug|Any CPU
		{06D57B42-4F41-4AB6-901E-41B65FE093F3}.Debug|Any CPU.Build.0 = Debug|Any CPU
		{06D57B42-4F41-4AB6-901E-41B65FE093F3}.Release|Any CPU.ActiveCfg = Release|Any CPU
		{06D57B42-4F41-4AB6-901E-41B65FE093F3}.Release|Any CPU.Build.0 = Release|Any CPU
		{C5C4985D-DD20-4859-9A1C-280348DF073F}.Debug|Any CPU.ActiveCfg = Debug|Any CPU
		{C5C4985D-DD20-4859-9A1C-280348DF073F}.Debug|Any CPU.Build.0 = Debug|Any CPU
		{C5C4985D-DD20-4859-9A1C-280348DF073F}.Release|Any CPU.ActiveCfg = Release|Any CPU
		{C5C4985D-DD20-4859-9A1C-280348DF073F}.Release|Any CPU.Build.0 = Release|Any CPU
		{C1D41990-0151-4943-BE70-D4A47161371B}.Debug|Any CPU.ActiveCfg = Debug|Any CPU
		{C1D41990-0151-4943-BE70-D4A47161371B}.Debug|Any CPU.Build.0 = Debug|Any CPU
		{C1D41990-0151-4943-BE70-D4A47161371B}.Release|Any CPU.ActiveCfg = Release|Any CPU
		{C1D41990-0151-4943-BE70-D4A47161371B}.Release|Any CPU.Build.0 = Release|Any CPU
		{7DE1FE11-B9FB-4929-AFD0-D6BCE0691379}.Debug|Any CPU.ActiveCfg = Debug|Any CPU
		{7DE1FE11-B9FB-4929-AFD0-D6BCE0691379}.Debug|Any CPU.Build.0 = Debug|Any CPU
		{7DE1FE11-B9FB-4929-AFD0-D6BCE0691379}.Release|Any CPU.ActiveCfg = Release|Any CPU
		{7DE1FE11-B9FB-4929-AFD0-D6BCE0691379}.Release|Any CPU.Build.0 = Release|Any CPU
	EndGlobalSection
	GlobalSection(NestedProjects) = preSolution
		{06D57B42-4F41-4AB6-901E-41B65FE093F3} = {BEBDA0D6-7CBF-441E-91D2-736C9FFE2488}
		{C5C4985D-DD20-4859-9A1C-280348DF073F} = {BEBDA0D6-7CBF-441E-91D2-736C9FFE2488}
		{C1D41990-0151-4943-BE70-D4A47161371B} = {BEBDA0D6-7CBF-441E-91D2-736C9FFE2488}
		{7DE1FE11-B9FB-4929-AFD0-D6BCE0691379} = {BEBDA0D6-7CBF-441E-91D2-736C9FFE2488}
	EndGlobalSection
EndGlobal
